// !$*UTF8*$!
{
	archiveVersion = 1;
	classes = {
	};
	objectVersion = 55;
	objects = {

/* Begin PBXBuildFile section */
		69EBD9E62CD0C4D800FBCE4B /* AppDelegate.swift in Sources */ = {isa = PBXBuildFile; fileRef = 69EBD9E52CD0C4D800FBCE4B /* AppDelegate.swift */; };
		69EBD9E82CD0C4D800FBCE4B /* SceneDelegate.swift in Sources */ = {isa = PBXBuildFile; fileRef = 69EBD9E72CD0C4D800FBCE4B /* SceneDelegate.swift */; };
		69EBD9EA2CD0C4D800FBCE4B /* ViewController.swift in Sources */ = {isa = PBXBuildFile; fileRef = 69EBD9E92CD0C4D800FBCE4B /* ViewController.swift */; };
		69EBD9ED2CD0C4D800FBCE4B /* Main.storyboard in Resources */ = {isa = PBXBuildFile; fileRef = 69EBD9EB2CD0C4D800FBCE4B /* Main.storyboard */; };
		69EBD9EF2CD0C4E100FBCE4B /* Assets.xcassets in Resources */ = {isa = PBXBuildFile; fileRef = 69EBD9EE2CD0C4E100FBCE4B /* Assets.xcassets */; };
		69EBD9F22CD0C4E100FBCE4B /* LaunchScreen.storyboard in Resources */ = {isa = PBXBuildFile; fileRef = 69EBD9F02CD0C4E100FBCE4B /* LaunchScreen.storyboard */; };
		69EBD9FD2CD0C4E300FBCE4B /* JSONParsingDemoTests.swift in Sources */ = {isa = PBXBuildFile; fileRef = 69EBD9FC2CD0C4E300FBCE4B /* JSONParsingDemoTests.swift */; };
		69EBDA072CD0C4E400FBCE4B /* JSONParsingDemoUITests.swift in Sources */ = {isa = PBXBuildFile; fileRef = 69EBDA062CD0C4E400FBCE4B /* JSONParsingDemoUITests.swift */; };
		69EBDA092CD0C4E400FBCE4B /* JSONParsingDemoUITestsLaunchTests.swift in Sources */ = {isa = PBXBuildFile; fileRef = 69EBDA082CD0C4E400FBCE4B /* JSONParsingDemoUITestsLaunchTests.swift */; };
		69EBDA1A2CD0C57A00FBCE4B /* User.swift in Sources */ = {isa = PBXBuildFile; fileRef = 69EBDA192CD0C57A00FBCE4B /* User.swift */; };
		69EBDA1C2CD0CB1300FBCE4B /* Post.swift in Sources */ = {isa = PBXBuildFile; fileRef = 69EBDA1B2CD0CB1300FBCE4B /* Post.swift */; };
		69EBDA1E2CD0CC4700FBCE4B /* MatchedData.swift in Sources */ = {isa = PBXBuildFile; fileRef = 69EBDA1D2CD0CC4700FBCE4B /* MatchedData.swift */; };
		69EBDA202CD0CD3300FBCE4B /* UserViewModel.swift in Sources */ = {isa = PBXBuildFile; fileRef = 69EBDA1F2CD0CD3300FBCE4B /* UserViewModel.swift */; };
		69EBDA222CD0E2C900FBCE4B /* UserViewController.swift in Sources */ = {isa = PBXBuildFile; fileRef = 69EBDA212CD0E2C900FBCE4B /* UserViewController.swift */; };
		69EBDA242CD0E61E00FBCE4B /* MatchedDataTableViewCell.swift in Sources */ = {isa = PBXBuildFile; fileRef = 69EBDA232CD0E61E00FBCE4B /* MatchedDataTableViewCell.swift */; };
/* End PBXBuildFile section */

/* Begin PBXContainerItemProxy section */
		69EBD9F92CD0C4E300FBCE4B /* PBXContainerItemProxy */ = {
			isa = PBXContainerItemProxy;
			containerPortal = 69EBD9DA2CD0C4D700FBCE4B /* Project object */;
			proxyType = 1;
			remoteGlobalIDString = 69EBD9E12CD0C4D700FBCE4B;
			remoteInfo = JSONParsingDemo;
		};
		69EBDA032CD0C4E400FBCE4B /* PBXContainerItemProxy */ = {
			isa = PBXContainerItemProxy;
			containerPortal = 69EBD9DA2CD0C4D700FBCE4B /* Project object */;
			proxyType = 1;
			remoteGlobalIDString = 69EBD9E12CD0C4D700FBCE4B;
			remoteInfo = JSONParsingDemo;
		};
/* End PBXContainerItemProxy section */

/* Begin PBXFileReference section */
		69EBD9E22CD0C4D700FBCE4B /* JSONParsingDemo.app */ = {isa = PBXFileReference; explicitFileType = wrapper.application; includeInIndex = 0; path = JSONParsingDemo.app; sourceTree = BUILT_PRODUCTS_DIR; };
		69EBD9E52CD0C4D800FBCE4B /* AppDelegate.swift */ = {isa = PBXFileReference; lastKnownFileType = sourcecode.swift; path = AppDelegate.swift; sourceTree = "<group>"; };
		69EBD9E72CD0C4D800FBCE4B /* SceneDelegate.swift */ = {isa = PBXFileReference; lastKnownFileType = sourcecode.swift; path = SceneDelegate.swift; sourceTree = "<group>"; };
		69EBD9E92CD0C4D800FBCE4B /* ViewController.swift */ = {isa = PBXFileReference; lastKnownFileType = sourcecode.swift; path = ViewController.swift; sourceTree = "<group>"; };
		69EBD9EC2CD0C4D800FBCE4B /* Base */ = {isa = PBXFileReference; lastKnownFileType = file.storyboard; name = Base; path = Base.lproj/Main.storyboard; sourceTree = "<group>"; };
		69EBD9EE2CD0C4E100FBCE4B /* Assets.xcassets */ = {isa = PBXFileReference; lastKnownFileType = folder.assetcatalog; path = Assets.xcassets; sourceTree = "<group>"; };
		69EBD9F12CD0C4E100FBCE4B /* Base */ = {isa = PBXFileReference; lastKnownFileType = file.storyboard; name = Base; path = Base.lproj/LaunchScreen.storyboard; sourceTree = "<group>"; };
		69EBD9F32CD0C4E100FBCE4B /* Info.plist */ = {isa = PBXFileReference; lastKnownFileType = text.plist.xml; path = Info.plist; sourceTree = "<group>"; };
		69EBD9F82CD0C4E300FBCE4B /* JSONParsingDemoTests.xctest */ = {isa = PBXFileReference; explicitFileType = wrapper.cfbundle; includeInIndex = 0; path = JSONParsingDemoTests.xctest; sourceTree = BUILT_PRODUCTS_DIR; };
		69EBD9FC2CD0C4E300FBCE4B /* JSONParsingDemoTests.swift */ = {isa = PBXFileReference; lastKnownFileType = sourcecode.swift; path = JSONParsingDemoTests.swift; sourceTree = "<group>"; };
		69EBDA022CD0C4E400FBCE4B /* JSONParsingDemoUITests.xctest */ = {isa = PBXFileReference; explicitFileType = wrapper.cfbundle; includeInIndex = 0; path = JSONParsingDemoUITests.xctest; sourceTree = BUILT_PRODUCTS_DIR; };
		69EBDA062CD0C4E400FBCE4B /* JSONParsingDemoUITests.swift */ = {isa = PBXFileReference; lastKnownFileType = sourcecode.swift; path = JSONParsingDemoUITests.swift; sourceTree = "<group>"; };
		69EBDA082CD0C4E400FBCE4B /* JSONParsingDemoUITestsLaunchTests.swift */ = {isa = PBXFileReference; lastKnownFileType = sourcecode.swift; path = JSONParsingDemoUITestsLaunchTests.swift; sourceTree = "<group>"; };
		69EBDA192CD0C57A00FBCE4B /* User.swift */ = {isa = PBXFileReference; lastKnownFileType = sourcecode.swift; path = User.swift; sourceTree = "<group>"; };
		69EBDA1B2CD0CB1300FBCE4B /* Post.swift */ = {isa = PBXFileReference; lastKnownFileType = sourcecode.swift; path = Post.swift; sourceTree = "<group>"; };
		69EBDA1D2CD0CC4700FBCE4B /* MatchedData.swift */ = {isa = PBXFileReference; lastKnownFileType = sourcecode.swift; path = MatchedData.swift; sourceTree = "<group>"; };
		69EBDA1F2CD0CD3300FBCE4B /* UserViewModel.swift */ = {isa = PBXFileReference; lastKnownFileType = sourcecode.swift; path = UserViewModel.swift; sourceTree = "<group>"; };
		69EBDA212CD0E2C900FBCE4B /* UserViewController.swift */ = {isa = PBXFileReference; lastKnownFileType = sourcecode.swift; path = UserViewController.swift; sourceTree = "<group>"; };
		69EBDA232CD0E61E00FBCE4B /* MatchedDataTableViewCell.swift */ = {isa = PBXFileReference; lastKnownFileType = sourcecode.swift; path = MatchedDataTableViewCell.swift; sourceTree = "<group>"; };
/* End PBXFileReference section */

/* Begin PBXFrameworksBuildPhase section */
		69EBD9DF2CD0C4D700FBCE4B /* Frameworks */ = {
			isa = PBXFrameworksBuildPhase;
			buildActionMask = 2147483647;
			files = (
			);
			runOnlyForDeploymentPostprocessing = 0;
		};
		69EBD9F52CD0C4E300FBCE4B /* Frameworks */ = {
			isa = PBXFrameworksBuildPhase;
			buildActionMask = 2147483647;
			files = (
			);
			runOnlyForDeploymentPostprocessing = 0;
		};
		69EBD9FF2CD0C4E400FBCE4B /* Frameworks */ = {
			isa = PBXFrameworksBuildPhase;
			buildActionMask = 2147483647;
			files = (
			);
			runOnlyForDeploymentPostprocessing = 0;
		};
/* End PBXFrameworksBuildPhase section */

/* Begin PBXGroup section */
		69EBD9D92CD0C4D700FBCE4B = {
			isa = PBXGroup;
			children = (
				69EBD9E42CD0C4D700FBCE4B /* JSONParsingDemo */,
				69EBD9FB2CD0C4E300FBCE4B /* JSONParsingDemoTests */,
				69EBDA052CD0C4E400FBCE4B /* JSONParsingDemoUITests */,
				69EBD9E32CD0C4D700FBCE4B /* Products */,
			);
			sourceTree = "<group>";
		};
		69EBD9E32CD0C4D700FBCE4B /* Products */ = {
			isa = PBXGroup;
			children = (
				69EBD9E22CD0C4D700FBCE4B /* JSONParsingDemo.app */,
				69EBD9F82CD0C4E300FBCE4B /* JSONParsingDemoTests.xctest */,
				69EBDA022CD0C4E400FBCE4B /* JSONParsingDemoUITests.xctest */,
			);
			name = Products;
			sourceTree = "<group>";
		};
		69EBD9E42CD0C4D700FBCE4B /* JSONParsingDemo */ = {
			isa = PBXGroup;
			children = (
				69EBDA152CD0C50400FBCE4B /* MVVM */,
				69EBD9E52CD0C4D800FBCE4B /* AppDelegate.swift */,
				69EBD9E72CD0C4D800FBCE4B /* SceneDelegate.swift */,
				69EBD9E92CD0C4D800FBCE4B /* ViewController.swift */,
				69EBD9EB2CD0C4D800FBCE4B /* Main.storyboard */,
				69EBD9EE2CD0C4E100FBCE4B /* Assets.xcassets */,
				69EBD9F02CD0C4E100FBCE4B /* LaunchScreen.storyboard */,
				69EBD9F32CD0C4E100FBCE4B /* Info.plist */,
			);
			path = JSONParsingDemo;
			sourceTree = "<group>";
		};
		69EBD9FB2CD0C4E300FBCE4B /* JSONParsingDemoTests */ = {
			isa = PBXGroup;
			children = (
				69EBD9FC2CD0C4E300FBCE4B /* JSONParsingDemoTests.swift */,
			);
			path = JSONParsingDemoTests;
			sourceTree = "<group>";
		};
		69EBDA052CD0C4E400FBCE4B /* JSONParsingDemoUITests */ = {
			isa = PBXGroup;
			children = (
				69EBDA062CD0C4E400FBCE4B /* JSONParsingDemoUITests.swift */,
				69EBDA082CD0C4E400FBCE4B /* JSONParsingDemoUITestsLaunchTests.swift */,
			);
			path = JSONParsingDemoUITests;
			sourceTree = "<group>";
		};
		69EBDA152CD0C50400FBCE4B /* MVVM */ = {
			isa = PBXGroup;
			children = (
				69EBDA182CD0C54700FBCE4B /* ViewModel */,
				69EBDA172CD0C53800FBCE4B /* View */,
				69EBDA162CD0C52700FBCE4B /* Model */,
			);
			path = MVVM;
			sourceTree = "<group>";
		};
		69EBDA162CD0C52700FBCE4B /* Model */ = {
			isa = PBXGroup;
			children = (
				69EBDA192CD0C57A00FBCE4B /* User.swift */,
				69EBDA1B2CD0CB1300FBCE4B /* Post.swift */,
				69EBDA1D2CD0CC4700FBCE4B /* MatchedData.swift */,
			);
			path = Model;
			sourceTree = "<group>";
		};
		69EBDA172CD0C53800FBCE4B /* View */ = {
			isa = PBXGroup;
			children = (
				69EBDA212CD0E2C900FBCE4B /* UserViewController.swift */,
				69EBDA232CD0E61E00FBCE4B /* MatchedDataTableViewCell.swift */,
			);
			path = View;
			sourceTree = "<group>";
		};
		69EBDA182CD0C54700FBCE4B /* ViewModel */ = {
			isa = PBXGroup;
			children = (
				69EBDA1F2CD0CD3300FBCE4B /* UserViewModel.swift */,
			);
			path = ViewModel;
			sourceTree = "<group>";
		};
/* End PBXGroup section */

/* Begin PBXNativeTarget section */
		69EBD9E12CD0C4D700FBCE4B /* JSONParsingDemo */ = {
			isa = PBXNativeTarget;
			buildConfigurationList = 69EBDA0C2CD0C4E400FBCE4B /* Build configuration list for PBXNativeTarget "JSONParsingDemo" */;
			buildPhases = (
				69EBD9DE2CD0C4D700FBCE4B /* Sources */,
				69EBD9DF2CD0C4D700FBCE4B /* Frameworks */,
				69EBD9E02CD0C4D700FBCE4B /* Resources */,
			);
			buildRules = (
			);
			dependencies = (
			);
			name = JSONParsingDemo;
			productName = JSONParsingDemo;
			productReference = 69EBD9E22CD0C4D700FBCE4B /* JSONParsingDemo.app */;
			productType = "com.apple.product-type.application";
		};
		69EBD9F72CD0C4E300FBCE4B /* JSONParsingDemoTests */ = {
			isa = PBXNativeTarget;
			buildConfigurationList = 69EBDA0F2CD0C4E400FBCE4B /* Build configuration list for PBXNativeTarget "JSONParsingDemoTests" */;
			buildPhases = (
				69EBD9F42CD0C4E300FBCE4B /* Sources */,
				69EBD9F52CD0C4E300FBCE4B /* Frameworks */,
				69EBD9F62CD0C4E300FBCE4B /* Resources */,
			);
			buildRules = (
			);
			dependencies = (
				69EBD9FA2CD0C4E300FBCE4B /* PBXTargetDependency */,
			);
			name = JSONParsingDemoTests;
			productName = JSONParsingDemoTests;
			productReference = 69EBD9F82CD0C4E300FBCE4B /* JSONParsingDemoTests.xctest */;
			productType = "com.apple.product-type.bundle.unit-test";
		};
		69EBDA012CD0C4E400FBCE4B /* JSONParsingDemoUITests */ = {
			isa = PBXNativeTarget;
			buildConfigurationList = 69EBDA122CD0C4E400FBCE4B /* Build configuration list for PBXNativeTarget "JSONParsingDemoUITests" */;
			buildPhases = (
				69EBD9FE2CD0C4E400FBCE4B /* Sources */,
				69EBD9FF2CD0C4E400FBCE4B /* Frameworks */,
				69EBDA002CD0C4E400FBCE4B /* Resources */,
			);
			buildRules = (
			);
			dependencies = (
				69EBDA042CD0C4E400FBCE4B /* PBXTargetDependency */,
			);
			name = JSONParsingDemoUITests;
			productName = JSONParsingDemoUITests;
			productReference = 69EBDA022CD0C4E400FBCE4B /* JSONParsingDemoUITests.xctest */;
			productType = "com.apple.product-type.bundle.ui-testing";
		};
/* End PBXNativeTarget section */

/* Begin PBXProject section */
		69EBD9DA2CD0C4D700FBCE4B /* Project object */ = {
			isa = PBXProject;
			attributes = {
				BuildIndependentTargetsInParallel = 1;
				LastSwiftUpdateCheck = 1320;
				LastUpgradeCheck = 1320;
				TargetAttributes = {
					69EBD9E12CD0C4D700FBCE4B = {
						CreatedOnToolsVersion = 13.2.1;
					};
					69EBD9F72CD0C4E300FBCE4B = {
						CreatedOnToolsVersion = 13.2.1;
						TestTargetID = 69EBD9E12CD0C4D700FBCE4B;
					};
					69EBDA012CD0C4E400FBCE4B = {
						CreatedOnToolsVersion = 13.2.1;
						TestTargetID = 69EBD9E12CD0C4D700FBCE4B;
					};
				};
			};
			buildConfigurationList = 69EBD9DD2CD0C4D700FBCE4B /* Build configuration list for PBXProject "JSONParsingDemo" */;
			compatibilityVersion = "Xcode 13.0";
			developmentRegion = en;
			hasScannedForEncodings = 0;
			knownRegions = (
				en,
				Base,
			);
			mainGroup = 69EBD9D92CD0C4D700FBCE4B;
			productRefGroup = 69EBD9E32CD0C4D700FBCE4B /* Products */;
			projectDirPath = "";
			projectRoot = "";
			targets = (
				69EBD9E12CD0C4D700FBCE4B /* JSONParsingDemo */,
				69EBD9F72CD0C4E300FBCE4B /* JSONParsingDemoTests */,
				69EBDA012CD0C4E400FBCE4B /* JSONParsingDemoUITests */,
			);
		};
/* End PBXProject section */

/* Begin PBXResourcesBuildPhase section */
		69EBD9E02CD0C4D700FBCE4B /* Resources */ = {
			isa = PBXResourcesBuildPhase;
			buildActionMask = 2147483647;
			files = (
				69EBD9F22CD0C4E100FBCE4B /* LaunchScreen.storyboard in Resources */,
				69EBD9EF2CD0C4E100FBCE4B /* Assets.xcassets in Resources */,
				69EBD9ED2CD0C4D800FBCE4B /* Main.storyboard in Resources */,
			);
			runOnlyForDeploymentPostprocessing = 0;
		};
		69EBD9F62CD0C4E300FBCE4B /* Resources */ = {
			isa = PBXResourcesBuildPhase;
			buildActionMask = 2147483647;
			files = (
			);
			runOnlyForDeploymentPostprocessing = 0;
		};
		69EBDA002CD0C4E400FBCE4B /* Resources */ = {
			isa = PBXResourcesBuildPhase;
			buildActionMask = 2147483647;
			files = (
			);
			runOnlyForDeploymentPostprocessing = 0;
		};
/* End PBXResourcesBuildPhase section */

/* Begin PBXSourcesBuildPhase section */
		69EBD9DE2CD0C4D700FBCE4B /* Sources */ = {
			isa = PBXSourcesBuildPhase;
			buildActionMask = 2147483647;
			files = (
				69EBDA1A2CD0C57A00FBCE4B /* User.swift in Sources */,
				69EBDA222CD0E2C900FBCE4B /* UserViewController.swift in Sources */,
				69EBD9EA2CD0C4D800FBCE4B /* ViewController.swift in Sources */,
				69EBD9E62CD0C4D800FBCE4B /* AppDelegate.swift in Sources */,
				69EBD9E82CD0C4D800FBCE4B /* SceneDelegate.swift in Sources */,
				69EBDA1E2CD0CC4700FBCE4B /* MatchedData.swift in Sources */,
				69EBDA202CD0CD3300FBCE4B /* UserViewModel.swift in Sources */,
				69EBDA1C2CD0CB1300FBCE4B /* Post.swift in Sources */,
				69EBDA242CD0E61E00FBCE4B /* MatchedDataTableViewCell.swift in Sources */,
			);
			runOnlyForDeploymentPostprocessing = 0;
		};
		69EBD9F42CD0C4E300FBCE4B /* Sources */ = {
			isa = PBXSourcesBuildPhase;
			buildActionMask = 2147483647;
			files = (
				69EBD9FD2CD0C4E300FBCE4B /* JSONParsingDemoTests.swift in Sources */,
			);
			runOnlyForDeploymentPostprocessing = 0;
		};
		69EBD9FE2CD0C4E400FBCE4B /* Sources */ = {
			isa = PBXSourcesBuildPhase;
			buildActionMask = 2147483647;
			files = (
				69EBDA092CD0C4E400FBCE4B /* JSONParsingDemoUITestsLaunchTests.swift in Sources */,
				69EBDA072CD0C4E400FBCE4B /* JSONParsingDemoUITests.swift in Sources */,
			);
			runOnlyForDeploymentPostprocessing = 0;
		};
/* End PBXSourcesBuildPhase section */

/* Begin PBXTargetDependency section */
		69EBD9FA2CD0C4E300FBCE4B /* PBXTargetDependency */ = {
			isa = PBXTargetDependency;
			target = 69EBD9E12CD0C4D700FBCE4B /* JSONParsingDemo */;
			targetProxy = 69EBD9F92CD0C4E300FBCE4B /* PBXContainerItemProxy */;
		};
		69EBDA042CD0C4E400FBCE4B /* PBXTargetDependency */ = {
			isa = PBXTargetDependency;
			target = 69EBD9E12CD0C4D700FBCE4B /* JSONParsingDemo */;
			targetProxy = 69EBDA032CD0C4E400FBCE4B /* PBXContainerItemProxy */;
		};
/* End PBXTargetDependency section */

/* Begin PBXVariantGroup section */
		69EBD9EB2CD0C4D800FBCE4B /* Main.storyboard */ = {
			isa = PBXVariantGroup;
			children = (
				69EBD9EC2CD0C4D800FBCE4B /* Base */,
			);
			name = Main.storyboard;
			sourceTree = "<group>";
		};
		69EBD9F02CD0C4E100FBCE4B /* LaunchScreen.storyboard */ = {
			isa = PBXVariantGroup;
			children = (
				69EBD9F12CD0C4E100FBCE4B /* Base */,
			);
			name = LaunchScreen.storyboard;
			sourceTree = "<group>";
		};
/* End PBXVariantGroup section */

/* Begin XCBuildConfiguration section */
		69EBDA0A2CD0C4E400FBCE4B /* Debug */ = {
			isa = XCBuildConfiguration;
			buildSettings = {
				ALWAYS_SEARCH_USER_PATHS = NO;
				CLANG_ANALYZER_NONNULL = YES;
				CLANG_ANALYZER_NUMBER_OBJECT_CONVERSION = YES_AGGRESSIVE;
				CLANG_CXX_LANGUAGE_STANDARD = "gnu++17";
				CLANG_CXX_LIBRARY = "libc++";
				CLANG_ENABLE_MODULES = YES;
				CLANG_ENABLE_OBJC_ARC = YES;
				CLANG_ENABLE_OBJC_WEAK = YES;
				CLANG_WARN_BLOCK_CAPTURE_AUTORELEASING = YES;
				CLANG_WARN_BOOL_CONVERSION = YES;
				CLANG_WARN_COMMA = YES;
				CLANG_WARN_CONSTANT_CONVERSION = YES;
				CLANG_WARN_DEPRECATED_OBJC_IMPLEMENTATIONS = YES;
				CLANG_WARN_DIRECT_OBJC_ISA_USAGE = YES_ERROR;
				CLANG_WARN_DOCUMENTATION_COMMENTS = YES;
				CLANG_WARN_EMPTY_BODY = YES;
				CLANG_WARN_ENUM_CONVERSION = YES;
				CLANG_WARN_INFINITE_RECURSION = YES;
				CLANG_WARN_INT_CONVERSION = YES;
				CLANG_WARN_NON_LITERAL_NULL_CONVERSION = YES;
				CLANG_WARN_OBJC_IMPLICIT_RETAIN_SELF = YES;
				CLANG_WARN_OBJC_LITERAL_CONVERSION = YES;
				CLANG_WARN_OBJC_ROOT_CLASS = YES_ERROR;
				CLANG_WARN_QUOTED_INCLUDE_IN_FRAMEWORK_HEADER = YES;
				CLANG_WARN_RANGE_LOOP_ANALYSIS = YES;
				CLANG_WARN_STRICT_PROTOTYPES = YES;
				CLANG_WARN_SUSPICIOUS_MOVE = YES;
				CLANG_WARN_UNGUARDED_AVAILABILITY = YES_AGGRESSIVE;
				CLANG_WARN_UNREACHABLE_CODE = YES;
				CLANG_WARN__DUPLICATE_METHOD_MATCH = YES;
				COPY_PHASE_STRIP = NO;
				DEBUG_INFORMATION_FORMAT = dwarf;
				ENABLE_STRICT_OBJC_MSGSEND = YES;
				ENABLE_TESTABILITY = YES;
				GCC_C_LANGUAGE_STANDARD = gnu11;
				GCC_DYNAMIC_NO_PIC = NO;
				GCC_NO_COMMON_BLOCKS = YES;
				GCC_OPTIMIZATION_LEVEL = 0;
				GCC_PREPROCESSOR_DEFINITIONS = (
					"DEBUG=1",
					"$(inherited)",
				);
				GCC_WARN_64_TO_32_BIT_CONVERSION = YES;
				GCC_WARN_ABOUT_RETURN_TYPE = YES_ERROR;
				GCC_WARN_UNDECLARED_SELECTOR = YES;
				GCC_WARN_UNINITIALIZED_AUTOS = YES_AGGRESSIVE;
				GCC_WARN_UNUSED_FUNCTION = YES;
				GCC_WARN_UNUSED_VARIABLE = YES;
				IPHONEOS_DEPLOYMENT_TARGET = 15.2;
				MTL_ENABLE_DEBUG_INFO = INCLUDE_SOURCE;
				MTL_FAST_MATH = YES;
				ONLY_ACTIVE_ARCH = YES;
				SDKROOT = iphoneos;
				SWIFT_ACTIVE_COMPILATION_CONDITIONS = DEBUG;
				SWIFT_OPTIMIZATION_LEVEL = "-Onone";
			};
			name = Debug;
		};
		69EBDA0B2CD0C4E400FBCE4B /* Release */ = {
			isa = XCBuildConfiguration;
			buildSettings = {
				ALWAYS_SEARCH_USER_PATHS = NO;
				CLANG_ANALYZER_NONNULL = YES;
				CLANG_ANALYZER_NUMBER_OBJECT_CONVERSION = YES_AGGRESSIVE;
				CLANG_CXX_LANGUAGE_STANDARD = "gnu++17";
				CLANG_CXX_LIBRARY = "libc++";
				CLANG_ENABLE_MODULES = YES;
				CLANG_ENABLE_OBJC_ARC = YES;
				CLANG_ENABLE_OBJC_WEAK = YES;
				CLANG_WARN_BLOCK_CAPTURE_AUTORELEASING = YES;
				CLANG_WARN_BOOL_CONVERSION = YES;
				CLANG_WARN_COMMA = YES;
				CLANG_WARN_CONSTANT_CONVERSION = YES;
				CLANG_WARN_DEPRECATED_OBJC_IMPLEMENTATIONS = YES;
				CLANG_WARN_DIRECT_OBJC_ISA_USAGE = YES_ERROR;
				CLANG_WARN_DOCUMENTATION_COMMENTS = YES;
				CLANG_WARN_EMPTY_BODY = YES;
				CLANG_WARN_ENUM_CONVERSION = YES;
				CLANG_WARN_INFINITE_RECURSION = YES;
				CLANG_WARN_INT_CONVERSION = YES;
				CLANG_WARN_NON_LITERAL_NULL_CONVERSION = YES;
				CLANG_WARN_OBJC_IMPLICIT_RETAIN_SELF = YES;
				CLANG_WARN_OBJC_LITERAL_CONVERSION = YES;
				CLANG_WARN_OBJC_ROOT_CLASS = YES_ERROR;
				CLANG_WARN_QUOTED_INCLUDE_IN_FRAMEWORK_HEADER = YES;
				CLANG_WARN_RANGE_LOOP_ANALYSIS = YES;
				CLANG_WARN_STRICT_PROTOTYPES = YES;
				CLANG_WARN_SUSPICIOUS_MOVE = YES;
				CLANG_WARN_UNGUARDED_AVAILABILITY = YES_AGGRESSIVE;
				CLANG_WARN_UNREACHABLE_CODE = YES;
				CLANG_WARN__DUPLICATE_METHOD_MATCH = YES;
				COPY_PHASE_STRIP = NO;
				DEBUG_INFORMATION_FORMAT = "dwarf-with-dsym";
				ENABLE_NS_ASSERTIONS = NO;
				ENABLE_STRICT_OBJC_MSGSEND = YES;
				GCC_C_LANGUAGE_STANDARD = gnu11;
				GCC_NO_COMMON_BLOCKS = YES;
				GCC_WARN_64_TO_32_BIT_CONVERSION = YES;
				GCC_WARN_ABOUT_RETURN_TYPE = YES_ERROR;
				GCC_WARN_UNDECLARED_SELECTOR = YES;
				GCC_WARN_UNINITIALIZED_AUTOS = YES_AGGRESSIVE;
				GCC_WARN_UNUSED_FUNCTION = YES;
				GCC_WARN_UNUSED_VARIABLE = YES;
				IPHONEOS_DEPLOYMENT_TARGET = 15.2;
				MTL_ENABLE_DEBUG_INFO = NO;
				MTL_FAST_MATH = YES;
				SDKROOT = iphoneos;
				SWIFT_COMPILATION_MODE = wholemodule;
				SWIFT_OPTIMIZATION_LEVEL = "-O";
				VALIDATE_PRODUCT = YES;
			};
			name = Release;
		};
		69EBDA0D2CD0C4E400FBCE4B /* Debug */ = {
			isa = XCBuildConfiguration;
			buildSettings = {
				ASSETCATALOG_COMPILER_APPICON_NAME = AppIcon;
				ASSETCATALOG_COMPILER_GLOBAL_ACCENT_COLOR_NAME = AccentColor;
				CODE_SIGN_STYLE = Automatic;
				CURRENT_PROJECT_VERSION = 1;
				DEVELOPMENT_TEAM = UW3YNDQWJY;
				GENERATE_INFOPLIST_FILE = YES;
				INFOPLIST_FILE = JSONParsingDemo/Info.plist;
				INFOPLIST_KEY_UIApplicationSupportsIndirectInputEvents = YES;
				INFOPLIST_KEY_UILaunchStoryboardName = LaunchScreen;
				INFOPLIST_KEY_UIMainStoryboardFile = Main;
				INFOPLIST_KEY_UISupportedInterfaceOrientations_iPad = "UIInterfaceOrientationPortrait UIInterfaceOrientationPortraitUpsideDown UIInterfaceOrientationLandscapeLeft UIInterfaceOrientationLandscapeRight";
				INFOPLIST_KEY_UISupportedInterfaceOrientations_iPhone = "UIInterfaceOrientationPortrait UIInterfaceOrientationLandscapeLeft UIInterfaceOrientationLandscapeRight";
				LD_RUNPATH_SEARCH_PATHS = (
					"$(inherited)",
					"@executable_path/Frameworks",
				);
				MARKETING_VERSION = 1.0;
				PRODUCT_BUNDLE_IDENTIFIER = app.appname.com.JSONParsingDemo;
				PRODUCT_NAME = "$(TARGET_NAME)";
				SWIFT_EMIT_LOC_STRINGS = YES;
				SWIFT_VERSION = 5.0;
				TARGETED_DEVICE_FAMILY = "1,2";
			};
			name = Debug;
		};
		69EBDA0E2CD0C4E400FBCE4B /* Release */ = {
			isa = XCBuildConfiguration;
			buildSettings = {
				ASSETCATALOG_COMPILER_APPICON_NAME = AppIcon;
				ASSETCATALOG_COMPILER_GLOBAL_ACCENT_COLOR_NAME = AccentColor;
				CODE_SIGN_STYLE = Automatic;
				CURRENT_PROJECT_VERSION = 1;
				DEVELOPMENT_TEAM = UW3YNDQWJY;
				GENERATE_INFOPLIST_FILE = YES;
				INFOPLIST_FILE = JSONParsingDemo/Info.plist;
				INFOPLIST_KEY_UIApplicationSupportsIndirectInputEvents = YES;
				INFOPLIST_KEY_UILaunchStoryboardName = LaunchScreen;
				INFOPLIST_KEY_UIMainStoryboardFile = Main;
				INFOPLIST_KEY_UISupportedInterfaceOrientations_iPad = "UIInterfaceOrientationPortrait UIInterfaceOrientationPortraitUpsideDown UIInterfaceOrientationLandscapeLeft UIInterfaceOrientationLandscapeRight";
				INFOPLIST_KEY_UISupportedInterfaceOrientations_iPhone = "UIInterfaceOrientationPortrait UIInterfaceOrientationLandscapeLeft UIInterfaceOrientationLandscapeRight";
				LD_RUNPATH_SEARCH_PATHS = (
					"$(inherited)",
					"@executable_path/Frameworks",
				);
				MARKETING_VERSION = 1.0;
				PRODUCT_BUNDLE_IDENTIFIER = app.appname.com.JSONParsingDemo;
				PRODUCT_NAME = "$(TARGET_NAME)";
				SWIFT_EMIT_LOC_STRINGS = YES;
				SWIFT_VERSION = 5.0;
				TARGETED_DEVICE_FAMILY = "1,2";
			};
			name = Release;
		};
		69EBDA102CD0C4E400FBCE4B /* Debug */ = {
			isa = XCBuildConfiguration;
			buildSettings = {
				ALWAYS_EMBED_SWIFT_STANDARD_LIBRARIES = YES;
				BUNDLE_LOADER = "$(TEST_HOST)";
				CODE_SIGN_STYLE = Automatic;
				CURRENT_PROJECT_VERSION = 1;
				DEVELOPMENT_TEAM = UW3YNDQWJY;
				GENERATE_INFOPLIST_FILE = YES;
				IPHONEOS_DEPLOYMENT_TARGET = 15.2;
				MARKETING_VERSION = 1.0;
				PRODUCT_BUNDLE_IDENTIFIER = app.appname.com.JSONParsingDemoTests;
				PRODUCT_NAME = "$(TARGET_NAME)";
				SWIFT_EMIT_LOC_STRINGS = NO;
				SWIFT_VERSION = 5.0;
				TARGETED_DEVICE_FAMILY = "1,2";
				TEST_HOST = "$(BUILT_PRODUCTS_DIR)/JSONParsingDemo.app/JSONParsingDemo";
			};
			name = Debug;
		};
		69EBDA112CD0C4E400FBCE4B /* Release */ = {
			isa = XCBuildConfiguration;
			buildSettings = {
				ALWAYS_EMBED_SWIFT_STANDARD_LIBRARIES = YES;
				BUNDLE_LOADER = "$(TEST_HOST)";
				CODE_SIGN_STYLE = Automatic;
				CURRENT_PROJECT_VERSION = 1;
				DEVELOPMENT_TEAM = UW3YNDQWJY;
				GENERATE_INFOPLIST_FILE = YES;
				IPHONEOS_DEPLOYMENT_TARGET = 15.2;
				MARKETING_VERSION = 1.0;
				PRODUCT_BUNDLE_IDENTIFIER = app.appname.com.JSONParsingDemoTests;
				PRODUCT_NAME = "$(TARGET_NAME)";
				SWIFT_EMIT_LOC_STRINGS = NO;
				SWIFT_VERSION = 5.0;
				TARGETED_DEVICE_FAMILY = "1,2";
				TEST_HOST = "$(BUILT_PRODUCTS_DIR)/JSONParsingDemo.app/JSONParsingDemo";
			};
			name = Release;
		};
		69EBDA132CD0C4E400FBCE4B /* Debug */ = {
			isa = XCBuildConfiguration;
			buildSettings = {
				ALWAYS_EMBED_SWIFT_STANDARD_LIBRARIES = YES;
				CODE_SIGN_STYLE = Automatic;
				CURRENT_PROJECT_VERSION = 1;
				DEVELOPMENT_TEAM = UW3YNDQWJY;
				GENERATE_INFOPLIST_FILE = YES;
				MARKETING_VERSION = 1.0;
				PRODUCT_BUNDLE_IDENTIFIER = app.appname.com.JSONParsingDemoUITests;
				PRODUCT_NAME = "$(TARGET_NAME)";
				SWIFT_EMIT_LOC_STRINGS = NO;
				SWIFT_VERSION = 5.0;
				TARGETED_DEVICE_FAMILY = "1,2";
				TEST_TARGET_NAME = JSONParsingDemo;
			};
			name = Debug;
		};
		69EBDA142CD0C4E400FBCE4B /* Release */ = {
			isa = XCBuildConfiguration;
			buildSettings = {
				ALWAYS_EMBED_SWIFT_STANDARD_LIBRARIES = YES;
				CODE_SIGN_STYLE = Automatic;
				CURRENT_PROJECT_VERSION = 1;
				DEVELOPMENT_TEAM = UW3YNDQWJY;
				GENERATE_INFOPLIST_FILE = YES;
				MARKETING_VERSION = 1.0;
				PRODUCT_BUNDLE_IDENTIFIER = app.appname.com.JSONParsingDemoUITests;
				PRODUCT_NAME = "$(TARGET_NAME)";
				SWIFT_EMIT_LOC_STRINGS = NO;
				SWIFT_VERSION = 5.0;
				TARGETED_DEVICE_FAMILY = "1,2";
				TEST_TARGET_NAME = JSONParsingDemo;
			};
			name = Release;
		};
/* End XCBuildConfiguration section */

/* Begin XCConfigurationList section */
		69EBD9DD2CD0C4D700FBCE4B /* Build configuration list for PBXProject "JSONParsingDemo" */ = {
			isa = XCConfigurationList;
			buildConfigurations = (
				69EBDA0A2CD0C4E400FBCE4B /* Debug */,
				69EBDA0B2CD0C4E400FBCE4B /* Release */,
			);
			defaultConfigurationIsVisible = 0;
			defaultConfigurationName = Release;
		};
		69EBDA0C2CD0C4E400FBCE4B /* Build configuration list for PBXNativeTarget "JSONParsingDemo" */ = {
			isa = XCConfigurationList;
			buildConfigurations = (
				69EBDA0D2CD0C4E400FBCE4B /* Debug */,
				69EBDA0E2CD0C4E400FBCE4B /* Release */,
			);
			defaultConfigurationIsVisible = 0;
			defaultConfigurationName = Release;
		};
		69EBDA0F2CD0C4E400FBCE4B /* Build configuration list for PBXNativeTarget "JSONParsingDemoTests" */ = {
			isa = XCConfigurationList;
			buildConfigurations = (
				69EBDA102CD0C4E400FBCE4B /* Debug */,
				69EBDA112CD0C4E400FBCE4B /* Release */,
			);
			defaultConfigurationIsVisible = 0;
			defaultConfigurationName = Release;
		};
		69EBDA122CD0C4E400FBCE4B /* Build configuration list for PBXNativeTarget "JSONParsingDemoUITests" */ = {
			isa = XCConfigurationList;
			buildConfigurations = (
				69EBDA132CD0C4E400FBCE4B /* Debug */,
				69EBDA142CD0C4E400FBCE4B /* Release */,
			);
			defaultConfigurationIsVisible = 0;
			defaultConfigurationName = Release;
		};
/* End XCConfigurationList section */
	};
	rootObject = 69EBD9DA2CD0C4D700FBCE4B /* Project object */;
}
